{
  "pins" : [
    {
      "identity" : "nuke",
      "kind" : "remoteSourceControl",
      "location" : "https://github.com/kean/Nuke",
      "state" : {
        "branch" : "master",
        "revision" : "c1c36dff9fa838c9d5d01a4096a9a9bab84d5a5e"
      }
    },
    {
      "identity" : "swiftcsv",
      "kind" : "remoteSourceControl",
      "location" : "https://github.com/swiftcsv/SwiftCSV",
      "state" : {
        "revision" : "048a1d3c2950b9c151ef9364b36f91baadc2c28c",
        "version" : "0.8.0"
      }
    }
  ],
  "version" : 2
}
