// !$*UTF8*$!
{
	archiveVersion = 1;
	classes = {
	};
	objectVersion = 55;
	objects = {

/* Begin PBXBuildFile section */
		71078979288CA9550000656A /* ImportView.swift in Sources */ = {isa = PBXBuildFile; fileRef = 71078978288CA9550000656A /* ImportView.swift */; };
		7107897C288CAA290000656A /* SwiftCSV in Frameworks */ = {isa = PBXBuildFile; productRef = 7107897B288CAA290000656A /* SwiftCSV */; };
		7107897E288CAA470000656A /* GoodreadsBook.swift in Sources */ = {isa = PBXBuildFile; fileRef = 7107897D288CAA470000656A /* GoodreadsBook.swift */; };
		7107F44E2880DA4500CE89A5 /* LibraryRowView.swift in Sources */ = {isa = PBXBuildFile; fileRef = 7107F44D2880DA4500CE89A5 /* LibraryRowView.swift */; };
		7107F4542882032300CE89A5 /* GoogleBooksResponse.swift in Sources */ = {isa = PBXBuildFile; fileRef = 7107F4532882032300CE89A5 /* GoogleBooksResponse.swift */; };
		7107F45628820DE700CE89A5 /* SearchedBookView.swift in Sources */ = {isa = PBXBuildFile; fileRef = 7107F45528820DE700CE89A5 /* SearchedBookView.swift */; };
		7107F45A28821CD500CE89A5 /* SearchedBookRowView.swift in Sources */ = {isa = PBXBuildFile; fileRef = 7107F45928821CD500CE89A5 /* SearchedBookRowView.swift */; };
		7124C1DB288864B80070FAFB /* StatsMonthView.swift in Sources */ = {isa = PBXBuildFile; fileRef = 7124C1DA288864B80070FAFB /* StatsMonthView.swift */; };
		712DFF7A288F8E6400DADDEA /* Color-Theme.swift in Sources */ = {isa = PBXBuildFile; fileRef = 71E473092889CF7F00FE208E /* Color-Theme.swift */; };
		712DFF7C288F930600DADDEA /* DataProvider.swift in Sources */ = {isa = PBXBuildFile; fileRef = 712DFF7B288F930600DADDEA /* DataProvider.swift */; };
		712DFF7E288F934F00DADDEA /* ReadingGoalWidget.swift in Sources */ = {isa = PBXBuildFile; fileRef = 712DFF7D288F934F00DADDEA /* ReadingGoalWidget.swift */; };
		7135B3302885C63C00165246 /* StatsRowView.swift in Sources */ = {isa = PBXBuildFile; fileRef = 7135B32F2885C63C00165246 /* StatsRowView.swift */; };
		7135B3322885CB4A00165246 /* LifetimeRowView.swift in Sources */ = {isa = PBXBuildFile; fileRef = 7135B3312885CB4A00165246 /* LifetimeRowView.swift */; };
		7135B3342885D3F500165246 /* LibraryRatingView.swift in Sources */ = {isa = PBXBuildFile; fileRef = 7135B3332885D3F500165246 /* LibraryRatingView.swift */; };
		713A01622890E4E700C80531 /* NukeUI in Frameworks */ = {isa = PBXBuildFile; productRef = 713A01612890E4E700C80531 /* NukeUI */; };
		7142581E28906BDD0068BAAF /* IconPickerView.swift in Sources */ = {isa = PBXBuildFile; fileRef = 7142581D28906BDD0068BAAF /* IconPickerView.swift */; };
		7142582128907A7D0068BAAF /* Book-Filtering.swift in Sources */ = {isa = PBXBuildFile; fileRef = 7142582028907A7D0068BAAF /* Book-Filtering.swift */; };
		71466B22288F7B9E00270FF5 /* WidgetKit.framework in Frameworks */ = {isa = PBXBuildFile; fileRef = 71466B21288F7B9E00270FF5 /* WidgetKit.framework */; };
		71466B24288F7B9E00270FF5 /* SwiftUI.framework in Frameworks */ = {isa = PBXBuildFile; fileRef = 71466B23288F7B9E00270FF5 /* SwiftUI.framework */; };
		71466B27288F7B9E00270FF5 /* FlipWidget.swift in Sources */ = {isa = PBXBuildFile; fileRef = 71466B26288F7B9E00270FF5 /* FlipWidget.swift */; };
		71466B29288F7B9F00270FF5 /* Assets.xcassets in Resources */ = {isa = PBXBuildFile; fileRef = 71466B28288F7B9F00270FF5 /* Assets.xcassets */; };
		71466B2D288F7B9F00270FF5 /* FlipWidgetExtension.appex in Embed Foundation Extensions */ = {isa = PBXBuildFile; fileRef = 71466B20288F7B9E00270FF5 /* FlipWidgetExtension.appex */; settings = {ATTRIBUTES = (RemoveHeadersOnCopy, ); }; };
		71466B32288F7C1700270FF5 /* Flip.xcdatamodeld in Sources */ = {isa = PBXBuildFile; fileRef = 71E002CB288095D4006E23DF /* Flip.xcdatamodeld */; };
		71466B33288F7C8F00270FF5 /* Book-CoreDataHelpers.swift in Sources */ = {isa = PBXBuildFile; fileRef = 71C624DF2880AEC0007B2CAF /* Book-CoreDataHelpers.swift */; };
		71466B34288F7CA300270FF5 /* DataController.swift in Sources */ = {isa = PBXBuildFile; fileRef = 71E002CE28809767006E23DF /* DataController.swift */; };
		71541F1228875877009C7DC1 /* StatsWeekView.swift in Sources */ = {isa = PBXBuildFile; fileRef = 71541F1128875877009C7DC1 /* StatsWeekView.swift */; };
		7160DBBE288DBEE900560B85 /* Nuke in Frameworks */ = {isa = PBXBuildFile; productRef = 7160DBBD288DBEE900560B85 /* Nuke */; };
		7160DBC2288DBEE900560B85 /* NukeUI in Frameworks */ = {isa = PBXBuildFile; productRef = 7160DBC1288DBEE900560B85 /* NukeUI */; };
		7160DBC4288DDABE00560B85 /* ReadingGoalView.swift in Sources */ = {isa = PBXBuildFile; fileRef = 7160DBC3288DDABE00560B85 /* ReadingGoalView.swift */; };
		7160DBC6288E164600560B85 /* ExportView.swift in Sources */ = {isa = PBXBuildFile; fileRef = 7160DBC5288E164600560B85 /* ExportView.swift */; };
		7160DBCA288F227200560B85 /* FlipBook.swift in Sources */ = {isa = PBXBuildFile; fileRef = 7160DBC9288F227200560B85 /* FlipBook.swift */; };
		716D9D6E288B774900A5B59A /* CustomBookView.swift in Sources */ = {isa = PBXBuildFile; fileRef = 716D9D6D288B774900A5B59A /* CustomBookView.swift */; };
		716EED7E2889E77A00E659E1 /* StatsRatingView.swift in Sources */ = {isa = PBXBuildFile; fileRef = 716EED7D2889E77A00E659E1 /* StatsRatingView.swift */; };
		716EED80288A03C600E659E1 /* UpdateGoalView.swift in Sources */ = {isa = PBXBuildFile; fileRef = 716EED7F288A03C600E659E1 /* UpdateGoalView.swift */; };
		71785A642885B989008F1F96 /* CoverView.swift in Sources */ = {isa = PBXBuildFile; fileRef = 71785A632885B989008F1F96 /* CoverView.swift */; };
		718B4A7A2891B7F3005DA8C1 /* DateFormatter-MultipleFormats.swift in Sources */ = {isa = PBXBuildFile; fileRef = 718B4A792891B7F3005DA8C1 /* DateFormatter-MultipleFormats.swift */; };
		718B4A7C2891CA22005DA8C1 /* LibraryBookEditView.swift in Sources */ = {isa = PBXBuildFile; fileRef = 718B4A7B2891CA22005DA8C1 /* LibraryBookEditView.swift */; };
		718B4A7E2891CAC4005DA8C1 /* BookEditView.swift in Sources */ = {isa = PBXBuildFile; fileRef = 718B4A7D2891CAC4005DA8C1 /* BookEditView.swift */; };
		718B4A802891D72F005DA8C1 /* Book-Cleaning.swift in Sources */ = {isa = PBXBuildFile; fileRef = 718B4A7F2891D72F005DA8C1 /* Book-Cleaning.swift */; };
		718B4A822891DA25005DA8C1 /* Book-Sharing.swift in Sources */ = {isa = PBXBuildFile; fileRef = 718B4A812891DA25005DA8C1 /* Book-Sharing.swift */; };
		718D8DEA2891E55C002B6866 /* BookListView.swift in Sources */ = {isa = PBXBuildFile; fileRef = 718D8DE92891E55C002B6866 /* BookListView.swift */; };
		71B2BC2E2884B52A00D4078C /* FlipTests.swift in Sources */ = {isa = PBXBuildFile; fileRef = 71B2BC2D2884B52A00D4078C /* FlipTests.swift */; };
		71B2BC372884B88800D4078C /* BookTest.swift in Sources */ = {isa = PBXBuildFile; fileRef = 71B2BC362884B88800D4078C /* BookTest.swift */; };
		71B2BC392884BD7E00D4078C /* DevelopmentTests.swift in Sources */ = {isa = PBXBuildFile; fileRef = 71B2BC382884BD7E00D4078C /* DevelopmentTests.swift */; };
		71B2BC3D2884C3A900D4078C /* ExtensionTests.swift in Sources */ = {isa = PBXBuildFile; fileRef = 71B2BC3C2884C3A900D4078C /* ExtensionTests.swift */; };
		71C624DA28809F9D007B2CAF /* CloudKit.framework in Frameworks */ = {isa = PBXBuildFile; fileRef = 71C624D928809F9D007B2CAF /* CloudKit.framework */; };
		71C624DE2880A149007B2CAF /* LibraryView.swift in Sources */ = {isa = PBXBuildFile; fileRef = 71C624DD2880A149007B2CAF /* LibraryView.swift */; };
		71C624E02880AEC0007B2CAF /* Book-CoreDataHelpers.swift in Sources */ = {isa = PBXBuildFile; fileRef = 71C624DF2880AEC0007B2CAF /* Book-CoreDataHelpers.swift */; };
		71C624E22880B5D5007B2CAF /* SearchView.swift in Sources */ = {isa = PBXBuildFile; fileRef = 71C624E12880B5D5007B2CAF /* SearchView.swift */; };
		71C624E42880B5F8007B2CAF /* StatsView.swift in Sources */ = {isa = PBXBuildFile; fileRef = 71C624E32880B5F8007B2CAF /* StatsView.swift */; };
		71C624E82880B8EF007B2CAF /* LibraryBookView.swift in Sources */ = {isa = PBXBuildFile; fileRef = 71C624E72880B8EF007B2CAF /* LibraryBookView.swift */; };
		71C89AC12888F865003BD8E3 /* SettingsView.swift in Sources */ = {isa = PBXBuildFile; fileRef = 71C89AC02888F865003BD8E3 /* SettingsView.swift */; };
		71E002BE288095B8006E23DF /* FlipApp.swift in Sources */ = {isa = PBXBuildFile; fileRef = 71E002BD288095B8006E23DF /* FlipApp.swift */; };
		71E002C0288095B8006E23DF /* ContentView.swift in Sources */ = {isa = PBXBuildFile; fileRef = 71E002BF288095B8006E23DF /* ContentView.swift */; };
		71E002C2288095B9006E23DF /* Assets.xcassets in Resources */ = {isa = PBXBuildFile; fileRef = 71E002C1288095B9006E23DF /* Assets.xcassets */; };
		71E002C5288095B9006E23DF /* Preview Assets.xcassets in Resources */ = {isa = PBXBuildFile; fileRef = 71E002C4288095B9006E23DF /* Preview Assets.xcassets */; };
		71E002CD288095D4006E23DF /* Flip.xcdatamodeld in Sources */ = {isa = PBXBuildFile; fileRef = 71E002CB288095D4006E23DF /* Flip.xcdatamodeld */; };
		71E002CF28809767006E23DF /* DataController.swift in Sources */ = {isa = PBXBuildFile; fileRef = 71E002CE28809767006E23DF /* DataController.swift */; };
		71E473082889CC0800FE208E /* ThemePickerView.swift in Sources */ = {isa = PBXBuildFile; fileRef = 71E473072889CC0800FE208E /* ThemePickerView.swift */; };
		71E4730A2889CF7F00FE208E /* Color-Theme.swift in Sources */ = {isa = PBXBuildFile; fileRef = 71E473092889CF7F00FE208E /* Color-Theme.swift */; };
		71EA3EF12887A4AB005ADB91 /* LibraryListView.swift in Sources */ = {isa = PBXBuildFile; fileRef = 71EA3EF02887A4AB005ADB91 /* LibraryListView.swift */; };
/* End PBXBuildFile section */

/* Begin PBXContainerItemProxy section */
		71466B2B288F7B9F00270FF5 /* PBXContainerItemProxy */ = {
			isa = PBXContainerItemProxy;
			containerPortal = 71E002B2288095B8006E23DF /* Project object */;
			proxyType = 1;
			remoteGlobalIDString = 71466B1F288F7B9E00270FF5;
			remoteInfo = FlipWidgetExtension;
		};
		71B2BC2F2884B52A00D4078C /* PBXContainerItemProxy */ = {
			isa = PBXContainerItemProxy;
			containerPortal = 71E002B2288095B8006E23DF /* Project object */;
			proxyType = 1;
			remoteGlobalIDString = 71E002B9288095B8006E23DF;
			remoteInfo = Flip;
		};
/* End PBXContainerItemProxy section */

/* Begin PBXCopyFilesBuildPhase section */
		71466B2E288F7B9F00270FF5 /* Embed Foundation Extensions */ = {
			isa = PBXCopyFilesBuildPhase;
			buildActionMask = 2147483647;
			dstPath = "";
			dstSubfolderSpec = 13;
			files = (
				71466B2D288F7B9F00270FF5 /* FlipWidgetExtension.appex in Embed Foundation Extensions */,
			);
			name = "Embed Foundation Extensions";
			runOnlyForDeploymentPostprocessing = 0;
		};
/* End PBXCopyFilesBuildPhase section */

/* Begin PBXFileReference section */
		71078978288CA9550000656A /* ImportView.swift */ = {isa = PBXFileReference; lastKnownFileType = sourcecode.swift; path = ImportView.swift; sourceTree = "<group>"; };
		7107897D288CAA470000656A /* GoodreadsBook.swift */ = {isa = PBXFileReference; lastKnownFileType = sourcecode.swift; path = GoodreadsBook.swift; sourceTree = "<group>"; };
		7107F44D2880DA4500CE89A5 /* LibraryRowView.swift */ = {isa = PBXFileReference; lastKnownFileType = sourcecode.swift; path = LibraryRowView.swift; sourceTree = "<group>"; };
		7107F4532882032300CE89A5 /* GoogleBooksResponse.swift */ = {isa = PBXFileReference; lastKnownFileType = sourcecode.swift; path = GoogleBooksResponse.swift; sourceTree = "<group>"; };
		7107F45528820DE700CE89A5 /* SearchedBookView.swift */ = {isa = PBXFileReference; lastKnownFileType = sourcecode.swift; path = SearchedBookView.swift; sourceTree = "<group>"; };
		7107F45928821CD500CE89A5 /* SearchedBookRowView.swift */ = {isa = PBXFileReference; lastKnownFileType = sourcecode.swift; path = SearchedBookRowView.swift; sourceTree = "<group>"; };
		7124C1DA288864B80070FAFB /* StatsMonthView.swift */ = {isa = PBXFileReference; lastKnownFileType = sourcecode.swift; path = StatsMonthView.swift; sourceTree = "<group>"; };
		712DFF7B288F930600DADDEA /* DataProvider.swift */ = {isa = PBXFileReference; lastKnownFileType = sourcecode.swift; path = DataProvider.swift; sourceTree = "<group>"; };
		712DFF7D288F934F00DADDEA /* ReadingGoalWidget.swift */ = {isa = PBXFileReference; lastKnownFileType = sourcecode.swift; path = ReadingGoalWidget.swift; sourceTree = "<group>"; };
		7135B32F2885C63C00165246 /* StatsRowView.swift */ = {isa = PBXFileReference; lastKnownFileType = sourcecode.swift; path = StatsRowView.swift; sourceTree = "<group>"; };
		7135B3312885CB4A00165246 /* LifetimeRowView.swift */ = {isa = PBXFileReference; lastKnownFileType = sourcecode.swift; path = LifetimeRowView.swift; sourceTree = "<group>"; };
		7135B3332885D3F500165246 /* LibraryRatingView.swift */ = {isa = PBXFileReference; lastKnownFileType = sourcecode.swift; path = LibraryRatingView.swift; sourceTree = "<group>"; };
		7142581D28906BDD0068BAAF /* IconPickerView.swift */ = {isa = PBXFileReference; lastKnownFileType = sourcecode.swift; path = IconPickerView.swift; sourceTree = "<group>"; };
		7142582028907A7D0068BAAF /* Book-Filtering.swift */ = {isa = PBXFileReference; lastKnownFileType = sourcecode.swift; path = "Book-Filtering.swift"; sourceTree = "<group>"; };
		71466B20288F7B9E00270FF5 /* FlipWidgetExtension.appex */ = {isa = PBXFileReference; explicitFileType = "wrapper.app-extension"; includeInIndex = 0; path = FlipWidgetExtension.appex; sourceTree = BUILT_PRODUCTS_DIR; };
		71466B21288F7B9E00270FF5 /* WidgetKit.framework */ = {isa = PBXFileReference; lastKnownFileType = wrapper.framework; name = WidgetKit.framework; path = System/Library/Frameworks/WidgetKit.framework; sourceTree = SDKROOT; };
		71466B23288F7B9E00270FF5 /* SwiftUI.framework */ = {isa = PBXFileReference; lastKnownFileType = wrapper.framework; name = SwiftUI.framework; path = System/Library/Frameworks/SwiftUI.framework; sourceTree = SDKROOT; };
		71466B26288F7B9E00270FF5 /* FlipWidget.swift */ = {isa = PBXFileReference; lastKnownFileType = sourcecode.swift; path = FlipWidget.swift; sourceTree = "<group>"; };
		71466B28288F7B9F00270FF5 /* Assets.xcassets */ = {isa = PBXFileReference; lastKnownFileType = folder.assetcatalog; path = Assets.xcassets; sourceTree = "<group>"; };
		71466B2A288F7B9F00270FF5 /* Info.plist */ = {isa = PBXFileReference; lastKnownFileType = text.plist.xml; path = Info.plist; sourceTree = "<group>"; };
		71466B35288F7DCC00270FF5 /* FlipWidgetExtension.entitlements */ = {isa = PBXFileReference; lastKnownFileType = text.plist.entitlements; path = FlipWidgetExtension.entitlements; sourceTree = "<group>"; };
		71541F1128875877009C7DC1 /* StatsWeekView.swift */ = {isa = PBXFileReference; lastKnownFileType = sourcecode.swift; path = StatsWeekView.swift; sourceTree = "<group>"; };
		7160DBC3288DDABE00560B85 /* ReadingGoalView.swift */ = {isa = PBXFileReference; lastKnownFileType = sourcecode.swift; path = ReadingGoalView.swift; sourceTree = "<group>"; };
		7160DBC5288E164600560B85 /* ExportView.swift */ = {isa = PBXFileReference; lastKnownFileType = sourcecode.swift; path = ExportView.swift; sourceTree = "<group>"; };
		7160DBC9288F227200560B85 /* FlipBook.swift */ = {isa = PBXFileReference; lastKnownFileType = sourcecode.swift; path = FlipBook.swift; sourceTree = "<group>"; };
		716D9D6D288B774900A5B59A /* CustomBookView.swift */ = {isa = PBXFileReference; lastKnownFileType = sourcecode.swift; path = CustomBookView.swift; sourceTree = "<group>"; };
		716EED7D2889E77A00E659E1 /* StatsRatingView.swift */ = {isa = PBXFileReference; lastKnownFileType = sourcecode.swift; path = StatsRatingView.swift; sourceTree = "<group>"; };
		716EED7F288A03C600E659E1 /* UpdateGoalView.swift */ = {isa = PBXFileReference; lastKnownFileType = sourcecode.swift; path = UpdateGoalView.swift; sourceTree = "<group>"; };
		71785A632885B989008F1F96 /* CoverView.swift */ = {isa = PBXFileReference; lastKnownFileType = sourcecode.swift; path = CoverView.swift; sourceTree = "<group>"; };
		718B4A792891B7F3005DA8C1 /* DateFormatter-MultipleFormats.swift */ = {isa = PBXFileReference; lastKnownFileType = sourcecode.swift; path = "DateFormatter-MultipleFormats.swift"; sourceTree = "<group>"; };
		718B4A7B2891CA22005DA8C1 /* LibraryBookEditView.swift */ = {isa = PBXFileReference; lastKnownFileType = sourcecode.swift; path = LibraryBookEditView.swift; sourceTree = "<group>"; };
		718B4A7D2891CAC4005DA8C1 /* BookEditView.swift */ = {isa = PBXFileReference; lastKnownFileType = sourcecode.swift; path = BookEditView.swift; sourceTree = "<group>"; };
		718B4A7F2891D72F005DA8C1 /* Book-Cleaning.swift */ = {isa = PBXFileReference; lastKnownFileType = sourcecode.swift; path = "Book-Cleaning.swift"; sourceTree = "<group>"; };
		718B4A812891DA25005DA8C1 /* Book-Sharing.swift */ = {isa = PBXFileReference; lastKnownFileType = sourcecode.swift; path = "Book-Sharing.swift"; sourceTree = "<group>"; };
		718D8DE92891E55C002B6866 /* BookListView.swift */ = {isa = PBXFileReference; lastKnownFileType = sourcecode.swift; path = BookListView.swift; sourceTree = "<group>"; };
		71B2BC2B2884B52A00D4078C /* FlipTests.xctest */ = {isa = PBXFileReference; explicitFileType = wrapper.cfbundle; includeInIndex = 0; path = FlipTests.xctest; sourceTree = BUILT_PRODUCTS_DIR; };
		71B2BC2D2884B52A00D4078C /* FlipTests.swift */ = {isa = PBXFileReference; lastKnownFileType = sourcecode.swift; path = FlipTests.swift; sourceTree = "<group>"; };
		71B2BC362884B88800D4078C /* BookTest.swift */ = {isa = PBXFileReference; lastKnownFileType = sourcecode.swift; path = BookTest.swift; sourceTree = "<group>"; };
		71B2BC382884BD7E00D4078C /* DevelopmentTests.swift */ = {isa = PBXFileReference; lastKnownFileType = sourcecode.swift; path = DevelopmentTests.swift; sourceTree = "<group>"; };
		71B2BC3C2884C3A900D4078C /* ExtensionTests.swift */ = {isa = PBXFileReference; lastKnownFileType = sourcecode.swift; path = ExtensionTests.swift; sourceTree = "<group>"; };
		71C624D628809F5D007B2CAF /* Flip.entitlements */ = {isa = PBXFileReference; lastKnownFileType = text.plist.entitlements; path = Flip.entitlements; sourceTree = "<group>"; };
		71C624D728809F80007B2CAF /* Info.plist */ = {isa = PBXFileReference; lastKnownFileType = text.plist.xml; path = Info.plist; sourceTree = "<group>"; };
		71C624D928809F9D007B2CAF /* CloudKit.framework */ = {isa = PBXFileReference; lastKnownFileType = wrapper.framework; name = CloudKit.framework; path = System/Library/Frameworks/CloudKit.framework; sourceTree = SDKROOT; };
		71C624DD2880A149007B2CAF /* LibraryView.swift */ = {isa = PBXFileReference; lastKnownFileType = sourcecode.swift; path = LibraryView.swift; sourceTree = "<group>"; };
		71C624DF2880AEC0007B2CAF /* Book-CoreDataHelpers.swift */ = {isa = PBXFileReference; lastKnownFileType = sourcecode.swift; path = "Book-CoreDataHelpers.swift"; sourceTree = "<group>"; };
		71C624E12880B5D5007B2CAF /* SearchView.swift */ = {isa = PBXFileReference; lastKnownFileType = sourcecode.swift; path = SearchView.swift; sourceTree = "<group>"; };
		71C624E32880B5F8007B2CAF /* StatsView.swift */ = {isa = PBXFileReference; lastKnownFileType = sourcecode.swift; path = StatsView.swift; sourceTree = "<group>"; };
		71C624E72880B8EF007B2CAF /* LibraryBookView.swift */ = {isa = PBXFileReference; lastKnownFileType = sourcecode.swift; path = LibraryBookView.swift; sourceTree = "<group>"; };
		71C89AC02888F865003BD8E3 /* SettingsView.swift */ = {isa = PBXFileReference; lastKnownFileType = sourcecode.swift; path = SettingsView.swift; sourceTree = "<group>"; };
		71E002BA288095B8006E23DF /* Flip.app */ = {isa = PBXFileReference; explicitFileType = wrapper.application; includeInIndex = 0; path = Flip.app; sourceTree = BUILT_PRODUCTS_DIR; };
		71E002BD288095B8006E23DF /* FlipApp.swift */ = {isa = PBXFileReference; lastKnownFileType = sourcecode.swift; path = FlipApp.swift; sourceTree = "<group>"; };
		71E002BF288095B8006E23DF /* ContentView.swift */ = {isa = PBXFileReference; lastKnownFileType = sourcecode.swift; path = ContentView.swift; sourceTree = "<group>"; };
		71E002C1288095B9006E23DF /* Assets.xcassets */ = {isa = PBXFileReference; lastKnownFileType = folder.assetcatalog; path = Assets.xcassets; sourceTree = "<group>"; };
		71E002C4288095B9006E23DF /* Preview Assets.xcassets */ = {isa = PBXFileReference; lastKnownFileType = folder.assetcatalog; path = "Preview Assets.xcassets"; sourceTree = "<group>"; };
		71E002CC288095D4006E23DF /* Flip.xcdatamodel */ = {isa = PBXFileReference; lastKnownFileType = wrapper.xcdatamodel; path = Flip.xcdatamodel; sourceTree = "<group>"; };
		71E002CE28809767006E23DF /* DataController.swift */ = {isa = PBXFileReference; lastKnownFileType = sourcecode.swift; path = DataController.swift; sourceTree = "<group>"; };
		71E473072889CC0800FE208E /* ThemePickerView.swift */ = {isa = PBXFileReference; lastKnownFileType = sourcecode.swift; path = ThemePickerView.swift; sourceTree = "<group>"; };
		71E473092889CF7F00FE208E /* Color-Theme.swift */ = {isa = PBXFileReference; lastKnownFileType = sourcecode.swift; path = "Color-Theme.swift"; sourceTree = "<group>"; };
		71EA3EF02887A4AB005ADB91 /* LibraryListView.swift */ = {isa = PBXFileReference; lastKnownFileType = sourcecode.swift; path = LibraryListView.swift; sourceTree = "<group>"; };
/* End PBXFileReference section */

/* Begin PBXFrameworksBuildPhase section */
		71466B1D288F7B9E00270FF5 /* Frameworks */ = {
			isa = PBXFrameworksBuildPhase;
			buildActionMask = 2147483647;
			files = (
				71466B24288F7B9E00270FF5 /* SwiftUI.framework in Frameworks */,
				71466B22288F7B9E00270FF5 /* WidgetKit.framework in Frameworks */,
			);
			runOnlyForDeploymentPostprocessing = 0;
		};
		71B2BC282884B52A00D4078C /* Frameworks */ = {
			isa = PBXFrameworksBuildPhase;
			buildActionMask = 2147483647;
			files = (
			);
			runOnlyForDeploymentPostprocessing = 0;
		};
		71E002B7288095B8006E23DF /* Frameworks */ = {
			isa = PBXFrameworksBuildPhase;
			buildActionMask = 2147483647;
			files = (
				7107897C288CAA290000656A /* SwiftCSV in Frameworks */,
				71C624DA28809F9D007B2CAF /* CloudKit.framework in Frameworks */,
				7160DBC2288DBEE900560B85 /* NukeUI in Frameworks */,
				713A01622890E4E700C80531 /* NukeUI in Frameworks */,
				7160DBBE288DBEE900560B85 /* Nuke in Frameworks */,
			);
			runOnlyForDeploymentPostprocessing = 0;
		};
/* End PBXFrameworksBuildPhase section */

/* Begin PBXGroup section */
		7142581F289071C90068BAAF /* Configuration */ = {
			isa = PBXGroup;
			children = (
				71466B2A288F7B9F00270FF5 /* Info.plist */,
				71466B35288F7DCC00270FF5 /* FlipWidgetExtension.entitlements */,
			);
			path = Configuration;
			sourceTree = "<group>";
		};
		71466B25288F7B9E00270FF5 /* FlipWidget */ = {
			isa = PBXGroup;
			children = (
				7142581F289071C90068BAAF /* Configuration */,
				71466B26288F7B9E00270FF5 /* FlipWidget.swift */,
				712DFF7B288F930600DADDEA /* DataProvider.swift */,
				712DFF7D288F934F00DADDEA /* ReadingGoalWidget.swift */,
				71466B28288F7B9F00270FF5 /* Assets.xcassets */,
			);
			path = FlipWidget;
			sourceTree = "<group>";
		};
		71785A602885B969008F1F96 /* Components */ = {
			isa = PBXGroup;
			children = (
				71785A632885B989008F1F96 /* CoverView.swift */,
				718B4A7D2891CAC4005DA8C1 /* BookEditView.swift */,
				718D8DE92891E55C002B6866 /* BookListView.swift */,
			);
			path = Components;
			sourceTree = "<group>";
		};
		718B4A832891DA3D005DA8C1 /* Book */ = {
			isa = PBXGroup;
			children = (
				71C624DF2880AEC0007B2CAF /* Book-CoreDataHelpers.swift */,
				718B4A812891DA25005DA8C1 /* Book-Sharing.swift */,
				7142582028907A7D0068BAAF /* Book-Filtering.swift */,
				718B4A7F2891D72F005DA8C1 /* Book-Cleaning.swift */,
			);
			path = Book;
			sourceTree = "<group>";
		};
		71B2BC212884B0B700D4078C /* Configuration */ = {
			isa = PBXGroup;
			children = (
				71C624D728809F80007B2CAF /* Info.plist */,
				71C624D628809F5D007B2CAF /* Flip.entitlements */,
			);
			path = Configuration;
			sourceTree = "<group>";
		};
		71B2BC222884B21100D4078C /* Extensions */ = {
			isa = PBXGroup;
			children = (
				718B4A832891DA3D005DA8C1 /* Book */,
				71E473092889CF7F00FE208E /* Color-Theme.swift */,
				718B4A792891B7F3005DA8C1 /* DateFormatter-MultipleFormats.swift */,
			);
			path = Extensions;
			sourceTree = "<group>";
		};
		71B2BC232884B24500D4078C /* Tabs */ = {
			isa = PBXGroup;
			children = (
				71B2BC242884B25500D4078C /* Library */,
				71B2BC252884B26D00D4078C /* Search */,
				71B2BC262884B27600D4078C /* Stats */,
				71C89ABF2888F844003BD8E3 /* Settings */,
			);
			path = Tabs;
			sourceTree = "<group>";
		};
		71B2BC242884B25500D4078C /* Library */ = {
			isa = PBXGroup;
			children = (
				71C624DD2880A149007B2CAF /* LibraryView.swift */,
				71EA3EF02887A4AB005ADB91 /* LibraryListView.swift */,
				7107F44D2880DA4500CE89A5 /* LibraryRowView.swift */,
				71C624E72880B8EF007B2CAF /* LibraryBookView.swift */,
				718B4A7B2891CA22005DA8C1 /* LibraryBookEditView.swift */,
				7135B3332885D3F500165246 /* LibraryRatingView.swift */,
			);
			path = Library;
			sourceTree = "<group>";
		};
		71B2BC252884B26D00D4078C /* Search */ = {
			isa = PBXGroup;
			children = (
				71C624E12880B5D5007B2CAF /* SearchView.swift */,
				7107F45928821CD500CE89A5 /* SearchedBookRowView.swift */,
				7107F45528820DE700CE89A5 /* SearchedBookView.swift */,
				716D9D6D288B774900A5B59A /* CustomBookView.swift */,
				7107F4532882032300CE89A5 /* GoogleBooksResponse.swift */,
			);
			path = Search;
			sourceTree = "<group>";
		};
		71B2BC262884B27600D4078C /* Stats */ = {
			isa = PBXGroup;
			children = (
				71C624E32880B5F8007B2CAF /* StatsView.swift */,
				7160DBC3288DDABE00560B85 /* ReadingGoalView.swift */,
				71541F1128875877009C7DC1 /* StatsWeekView.swift */,
				7124C1DA288864B80070FAFB /* StatsMonthView.swift */,
				716EED7D2889E77A00E659E1 /* StatsRatingView.swift */,
				7135B32F2885C63C00165246 /* StatsRowView.swift */,
				7135B3312885CB4A00165246 /* LifetimeRowView.swift */,
				716EED7F288A03C600E659E1 /* UpdateGoalView.swift */,
			);
			path = Stats;
			sourceTree = "<group>";
		};
		71B2BC2C2884B52A00D4078C /* FlipTests */ = {
			isa = PBXGroup;
			children = (
				71B2BC2D2884B52A00D4078C /* FlipTests.swift */,
				71B2BC362884B88800D4078C /* BookTest.swift */,
				71B2BC382884BD7E00D4078C /* DevelopmentTests.swift */,
				71B2BC3C2884C3A900D4078C /* ExtensionTests.swift */,
			);
			path = FlipTests;
			sourceTree = "<group>";
		};
		71C624D828809F9D007B2CAF /* Frameworks */ = {
			isa = PBXGroup;
			children = (
				71C624D928809F9D007B2CAF /* CloudKit.framework */,
				71466B21288F7B9E00270FF5 /* WidgetKit.framework */,
				71466B23288F7B9E00270FF5 /* SwiftUI.framework */,
			);
			name = Frameworks;
			sourceTree = "<group>";
		};
		71C89ABF2888F844003BD8E3 /* Settings */ = {
			isa = PBXGroup;
			children = (
				71C89AC02888F865003BD8E3 /* SettingsView.swift */,
				7142581D28906BDD0068BAAF /* IconPickerView.swift */,
				71E473072889CC0800FE208E /* ThemePickerView.swift */,
				71078978288CA9550000656A /* ImportView.swift */,
				7160DBC5288E164600560B85 /* ExportView.swift */,
				7160DBC9288F227200560B85 /* FlipBook.swift */,
				7107897D288CAA470000656A /* GoodreadsBook.swift */,
			);
			path = Settings;
			sourceTree = "<group>";
		};
		71E002B1288095B8006E23DF = {
			isa = PBXGroup;
			children = (
				71E002BC288095B8006E23DF /* Flip */,
				71B2BC2C2884B52A00D4078C /* FlipTests */,
				71466B25288F7B9E00270FF5 /* FlipWidget */,
				71E002BB288095B8006E23DF /* Products */,
				71C624D828809F9D007B2CAF /* Frameworks */,
			);
			sourceTree = "<group>";
		};
		71E002BB288095B8006E23DF /* Products */ = {
			isa = PBXGroup;
			children = (
				71E002BA288095B8006E23DF /* Flip.app */,
				71B2BC2B2884B52A00D4078C /* FlipTests.xctest */,
				71466B20288F7B9E00270FF5 /* FlipWidgetExtension.appex */,
			);
			name = Products;
			sourceTree = "<group>";
		};
		71E002BC288095B8006E23DF /* Flip */ = {
			isa = PBXGroup;
			children = (
				71785A602885B969008F1F96 /* Components */,
				71B2BC232884B24500D4078C /* Tabs */,
				71B2BC222884B21100D4078C /* Extensions */,
				71B2BC212884B0B700D4078C /* Configuration */,
				71E002BD288095B8006E23DF /* FlipApp.swift */,
				71E002CE28809767006E23DF /* DataController.swift */,
				71E002BF288095B8006E23DF /* ContentView.swift */,
				71E002CB288095D4006E23DF /* Flip.xcdatamodeld */,
				71E002C1288095B9006E23DF /* Assets.xcassets */,
				71E002C3288095B9006E23DF /* Preview Content */,
			);
			path = Flip;
			sourceTree = "<group>";
		};
		71E002C3288095B9006E23DF /* Preview Content */ = {
			isa = PBXGroup;
			children = (
				71E002C4288095B9006E23DF /* Preview Assets.xcassets */,
			);
			path = "Preview Content";
			sourceTree = "<group>";
		};
/* End PBXGroup section */

/* Begin PBXNativeTarget section */
		71466B1F288F7B9E00270FF5 /* FlipWidgetExtension */ = {
			isa = PBXNativeTarget;
			buildConfigurationList = 71466B31288F7B9F00270FF5 /* Build configuration list for PBXNativeTarget "FlipWidgetExtension" */;
			buildPhases = (
				71466B1C288F7B9E00270FF5 /* Sources */,
				71466B1D288F7B9E00270FF5 /* Frameworks */,
				71466B1E288F7B9E00270FF5 /* Resources */,
			);
			buildRules = (
			);
			dependencies = (
			);
			name = FlipWidgetExtension;
			productName = FlipWidgetExtension;
			productReference = 71466B20288F7B9E00270FF5 /* FlipWidgetExtension.appex */;
			productType = "com.apple.product-type.app-extension";
		};
		71B2BC2A2884B52A00D4078C /* FlipTests */ = {
			isa = PBXNativeTarget;
			buildConfigurationList = 71B2BC332884B52A00D4078C /* Build configuration list for PBXNativeTarget "FlipTests" */;
			buildPhases = (
				71B2BC272884B52A00D4078C /* Sources */,
				71B2BC282884B52A00D4078C /* Frameworks */,
				71B2BC292884B52A00D4078C /* Resources */,
			);
			buildRules = (
			);
			dependencies = (
				71B2BC302884B52A00D4078C /* PBXTargetDependency */,
			);
			name = FlipTests;
			productName = FlipTests;
			productReference = 71B2BC2B2884B52A00D4078C /* FlipTests.xctest */;
			productType = "com.apple.product-type.bundle.unit-test";
		};
		71E002B9288095B8006E23DF /* Flip */ = {
			isa = PBXNativeTarget;
			buildConfigurationList = 71E002C8288095B9006E23DF /* Build configuration list for PBXNativeTarget "Flip" */;
			buildPhases = (
				71E002B6288095B8006E23DF /* Sources */,
				71B2BC202884A56000D4078C /* SwiftLint */,
				71E002B7288095B8006E23DF /* Frameworks */,
				71E002B8288095B8006E23DF /* Resources */,
				71466B2E288F7B9F00270FF5 /* Embed Foundation Extensions */,
			);
			buildRules = (
			);
			dependencies = (
				71466B2C288F7B9F00270FF5 /* PBXTargetDependency */,
			);
			name = Flip;
			packageProductDependencies = (
				7107897B288CAA290000656A /* SwiftCSV */,
				7160DBBD288DBEE900560B85 /* Nuke */,
				7160DBC1288DBEE900560B85 /* NukeUI */,
				713A01612890E4E700C80531 /* NukeUI */,
			);
			productName = Flip;
			productReference = 71E002BA288095B8006E23DF /* Flip.app */;
			productType = "com.apple.product-type.application";
		};
/* End PBXNativeTarget section */

/* Begin PBXProject section */
		71E002B2288095B8006E23DF /* Project object */ = {
			isa = PBXProject;
			attributes = {
				BuildIndependentTargetsInParallel = 1;
				LastSwiftUpdateCheck = 1400;
				LastUpgradeCheck = 1340;
				TargetAttributes = {
					71466B1F288F7B9E00270FF5 = {
						CreatedOnToolsVersion = 14.0;
					};
					71B2BC2A2884B52A00D4078C = {
						CreatedOnToolsVersion = 13.4.1;
						TestTargetID = 71E002B9288095B8006E23DF;
					};
					71E002B9288095B8006E23DF = {
						CreatedOnToolsVersion = 13.4.1;
					};
				};
			};
			buildConfigurationList = 71E002B5288095B8006E23DF /* Build configuration list for PBXProject "Flip" */;
			compatibilityVersion = "Xcode 13.0";
			developmentRegion = en;
			hasScannedForEncodings = 0;
			knownRegions = (
				en,
				Base,
			);
			mainGroup = 71E002B1288095B8006E23DF;
			packageReferences = (
				7107897A288CAA290000656A /* XCRemoteSwiftPackageReference "SwiftCSV" */,
				7160DBBC288DBEE900560B85 /* XCRemoteSwiftPackageReference "Nuke" */,
				713A01602890E4E700C80531 /* XCRemoteSwiftPackageReference "NukeUI" */,
			);
			productRefGroup = 71E002BB288095B8006E23DF /* Products */;
			projectDirPath = "";
			projectRoot = "";
			targets = (
				71E002B9288095B8006E23DF /* Flip */,
				71B2BC2A2884B52A00D4078C /* FlipTests */,
				71466B1F288F7B9E00270FF5 /* FlipWidgetExtension */,
			);
		};
/* End PBXProject section */

/* Begin PBXResourcesBuildPhase section */
		71466B1E288F7B9E00270FF5 /* Resources */ = {
			isa = PBXResourcesBuildPhase;
			buildActionMask = 2147483647;
			files = (
				71466B29288F7B9F00270FF5 /* Assets.xcassets in Resources */,
			);
			runOnlyForDeploymentPostprocessing = 0;
		};
		71B2BC292884B52A00D4078C /* Resources */ = {
			isa = PBXResourcesBuildPhase;
			buildActionMask = 2147483647;
			files = (
			);
			runOnlyForDeploymentPostprocessing = 0;
		};
		71E002B8288095B8006E23DF /* Resources */ = {
			isa = PBXResourcesBuildPhase;
			buildActionMask = 2147483647;
			files = (
				71E002C5288095B9006E23DF /* Preview Assets.xcassets in Resources */,
				71E002C2288095B9006E23DF /* Assets.xcassets in Resources */,
			);
			runOnlyForDeploymentPostprocessing = 0;
		};
/* End PBXResourcesBuildPhase section */

/* Begin PBXShellScriptBuildPhase section */
		71B2BC202884A56000D4078C /* SwiftLint */ = {
			isa = PBXShellScriptBuildPhase;
			alwaysOutOfDate = 1;
			buildActionMask = 2147483647;
			files = (
			);
			inputFileListPaths = (
			);
			inputPaths = (
			);
			name = SwiftLint;
			outputFileListPaths = (
			);
			outputPaths = (
			);
			runOnlyForDeploymentPostprocessing = 0;
			shellPath = /bin/sh;
			shellScript = "export PATH=\"$PATH:/opt/homebrew/bin\"\nif which swiftlint > /dev/null; then\n  swiftlint\nelse\n  echo \"warning: SwiftLint not installed, download from https://github.com/realm/SwiftLint\"\nfi\n";
		};
/* End PBXShellScriptBuildPhase section */

/* Begin PBXSourcesBuildPhase section */
		71466B1C288F7B9E00270FF5 /* Sources */ = {
			isa = PBXSourcesBuildPhase;
			buildActionMask = 2147483647;
			files = (
				712DFF7E288F934F00DADDEA /* ReadingGoalWidget.swift in Sources */,
				712DFF7C288F930600DADDEA /* DataProvider.swift in Sources */,
				71466B33288F7C8F00270FF5 /* Book-CoreDataHelpers.swift in Sources */,
				71466B34288F7CA300270FF5 /* DataController.swift in Sources */,
				71466B32288F7C1700270FF5 /* Flip.xcdatamodeld in Sources */,
				71466B27288F7B9E00270FF5 /* FlipWidget.swift in Sources */,
				712DFF7A288F8E6400DADDEA /* Color-Theme.swift in Sources */,
			);
			runOnlyForDeploymentPostprocessing = 0;
		};
		71B2BC272884B52A00D4078C /* Sources */ = {
			isa = PBXSourcesBuildPhase;
			buildActionMask = 2147483647;
			files = (
				71B2BC372884B88800D4078C /* BookTest.swift in Sources */,
				71B2BC2E2884B52A00D4078C /* FlipTests.swift in Sources */,
				71B2BC392884BD7E00D4078C /* DevelopmentTests.swift in Sources */,
				71B2BC3D2884C3A900D4078C /* ExtensionTests.swift in Sources */,
			);
			runOnlyForDeploymentPostprocessing = 0;
		};
		71E002B6288095B8006E23DF /* Sources */ = {
			isa = PBXSourcesBuildPhase;
			buildActionMask = 2147483647;
			files = (
				7142582128907A7D0068BAAF /* Book-Filtering.swift in Sources */,
				718B4A802891D72F005DA8C1 /* Book-Cleaning.swift in Sources */,
				71E002C0288095B8006E23DF /* ContentView.swift in Sources */,
				718D8DEA2891E55C002B6866 /* BookListView.swift in Sources */,
				718B4A822891DA25005DA8C1 /* Book-Sharing.swift in Sources */,
				71E002CF28809767006E23DF /* DataController.swift in Sources */,
				716EED7E2889E77A00E659E1 /* StatsRatingView.swift in Sources */,
				7135B3342885D3F500165246 /* LibraryRatingView.swift in Sources */,
				71C624E02880AEC0007B2CAF /* Book-CoreDataHelpers.swift in Sources */,
				71EA3EF12887A4AB005ADB91 /* LibraryListView.swift in Sources */,
				7107F4542882032300CE89A5 /* GoogleBooksResponse.swift in Sources */,
				71C624E82880B8EF007B2CAF /* LibraryBookView.swift in Sources */,
				7160DBC6288E164600560B85 /* ExportView.swift in Sources */,
				7107F45628820DE700CE89A5 /* SearchedBookView.swift in Sources */,
				71E002BE288095B8006E23DF /* FlipApp.swift in Sources */,
				7160DBC4288DDABE00560B85 /* ReadingGoalView.swift in Sources */,
				71C624E22880B5D5007B2CAF /* SearchView.swift in Sources */,
				71C624DE2880A149007B2CAF /* LibraryView.swift in Sources */,
				7107897E288CAA470000656A /* GoodreadsBook.swift in Sources */,
				716EED80288A03C600E659E1 /* UpdateGoalView.swift in Sources */,
				7124C1DB288864B80070FAFB /* StatsMonthView.swift in Sources */,
				7142581E28906BDD0068BAAF /* IconPickerView.swift in Sources */,
				716D9D6E288B774900A5B59A /* CustomBookView.swift in Sources */,
				7107F45A28821CD500CE89A5 /* SearchedBookRowView.swift in Sources */,
				7135B3302885C63C00165246 /* StatsRowView.swift in Sources */,
				71E4730A2889CF7F00FE208E /* Color-Theme.swift in Sources */,
				71785A642885B989008F1F96 /* CoverView.swift in Sources */,
				71E473082889CC0800FE208E /* ThemePickerView.swift in Sources */,
				718B4A7A2891B7F3005DA8C1 /* DateFormatter-MultipleFormats.swift in Sources */,
				71078979288CA9550000656A /* ImportView.swift in Sources */,
				71E002CD288095D4006E23DF /* Flip.xcdatamodeld in Sources */,
				71541F1228875877009C7DC1 /* StatsWeekView.swift in Sources */,
				718B4A7E2891CAC4005DA8C1 /* BookEditView.swift in Sources */,
				7135B3322885CB4A00165246 /* LifetimeRowView.swift in Sources */,
				71C624E42880B5F8007B2CAF /* StatsView.swift in Sources */,
				7107F44E2880DA4500CE89A5 /* LibraryRowView.swift in Sources */,
				71C89AC12888F865003BD8E3 /* SettingsView.swift in Sources */,
				718B4A7C2891CA22005DA8C1 /* LibraryBookEditView.swift in Sources */,
				7160DBCA288F227200560B85 /* FlipBook.swift in Sources */,
			);
			runOnlyForDeploymentPostprocessing = 0;
		};
/* End PBXSourcesBuildPhase section */

/* Begin PBXTargetDependency section */
		71466B2C288F7B9F00270FF5 /* PBXTargetDependency */ = {
			isa = PBXTargetDependency;
			target = 71466B1F288F7B9E00270FF5 /* FlipWidgetExtension */;
			targetProxy = 71466B2B288F7B9F00270FF5 /* PBXContainerItemProxy */;
		};
		71B2BC302884B52A00D4078C /* PBXTargetDependency */ = {
			isa = PBXTargetDependency;
			target = 71E002B9288095B8006E23DF /* Flip */;
			targetProxy = 71B2BC2F2884B52A00D4078C /* PBXContainerItemProxy */;
		};
/* End PBXTargetDependency section */

/* Begin XCBuildConfiguration section */
		71466B2F288F7B9F00270FF5 /* Debug */ = {
			isa = XCBuildConfiguration;
			buildSettings = {
				ASSETCATALOG_COMPILER_GLOBAL_ACCENT_COLOR_NAME = AccentColor;
				ASSETCATALOG_COMPILER_WIDGET_BACKGROUND_COLOR_NAME = WidgetBackground;
				CLANG_CXX_LANGUAGE_STANDARD = "gnu++20";
				CODE_SIGN_ENTITLEMENTS = FlipWidget/Configuration/FlipWidgetExtension.entitlements;
				CODE_SIGN_STYLE = Automatic;
				CURRENT_PROJECT_VERSION = 1;
				DEVELOPMENT_TEAM = 8W74HT4Y4R;
				GENERATE_INFOPLIST_FILE = YES;
				INFOPLIST_FILE = FlipWidget/Configuration/Info.plist;
				INFOPLIST_KEY_CFBundleDisplayName = FlipWidget;
				INFOPLIST_KEY_NSHumanReadableCopyright = "";
				LD_RUNPATH_SEARCH_PATHS = (
					"$(inherited)",
					"@executable_path/Frameworks",
					"@executable_path/../../Frameworks",
				);
				MARKETING_VERSION = 1.0;
				PRODUCT_BUNDLE_IDENTIFIER = dev.jesal.Flip.FlipWidget;
				PRODUCT_NAME = "$(TARGET_NAME)";
				SKIP_INSTALL = YES;
				SWIFT_EMIT_LOC_STRINGS = YES;
				SWIFT_VERSION = 5.0;
				TARGETED_DEVICE_FAMILY = "1,2";
			};
			name = Debug;
		};
		71466B30288F7B9F00270FF5 /* Release */ = {
			isa = XCBuildConfiguration;
			buildSettings = {
				ASSETCATALOG_COMPILER_GLOBAL_ACCENT_COLOR_NAME = AccentColor;
				ASSETCATALOG_COMPILER_WIDGET_BACKGROUND_COLOR_NAME = WidgetBackground;
				CLANG_CXX_LANGUAGE_STANDARD = "gnu++20";
				CODE_SIGN_ENTITLEMENTS = FlipWidget/Configuration/FlipWidgetExtension.entitlements;
				CODE_SIGN_STYLE = Automatic;
				CURRENT_PROJECT_VERSION = 1;
				DEVELOPMENT_TEAM = 8W74HT4Y4R;
				GENERATE_INFOPLIST_FILE = YES;
				INFOPLIST_FILE = FlipWidget/Configuration/Info.plist;
				INFOPLIST_KEY_CFBundleDisplayName = FlipWidget;
				INFOPLIST_KEY_NSHumanReadableCopyright = "";
				LD_RUNPATH_SEARCH_PATHS = (
					"$(inherited)",
					"@executable_path/Frameworks",
					"@executable_path/../../Frameworks",
				);
				MARKETING_VERSION = 1.0;
				PRODUCT_BUNDLE_IDENTIFIER = dev.jesal.Flip.FlipWidget;
				PRODUCT_NAME = "$(TARGET_NAME)";
				SKIP_INSTALL = YES;
				SWIFT_EMIT_LOC_STRINGS = YES;
				SWIFT_VERSION = 5.0;
				TARGETED_DEVICE_FAMILY = "1,2";
			};
			name = Release;
		};
		71B2BC312884B52A00D4078C /* Debug */ = {
			isa = XCBuildConfiguration;
			buildSettings = {
				BUNDLE_LOADER = "$(TEST_HOST)";
				CODE_SIGN_STYLE = Automatic;
				CURRENT_PROJECT_VERSION = 1;
				DEVELOPMENT_TEAM = 8W74HT4Y4R;
				GENERATE_INFOPLIST_FILE = YES;
				MARKETING_VERSION = 1.0;
				PRODUCT_BUNDLE_IDENTIFIER = dev.jesal.FlipTests;
				PRODUCT_NAME = "$(TARGET_NAME)";
				SWIFT_EMIT_LOC_STRINGS = NO;
				SWIFT_VERSION = 5.0;
				TARGETED_DEVICE_FAMILY = "1,2";
				TEST_HOST = "$(BUILT_PRODUCTS_DIR)/Flip.app/Flip";
			};
			name = Debug;
		};
		71B2BC322884B52A00D4078C /* Release */ = {
			isa = XCBuildConfiguration;
			buildSettings = {
				BUNDLE_LOADER = "$(TEST_HOST)";
				CODE_SIGN_STYLE = Automatic;
				CURRENT_PROJECT_VERSION = 1;
				DEVELOPMENT_TEAM = 8W74HT4Y4R;
				GENERATE_INFOPLIST_FILE = YES;
				MARKETING_VERSION = 1.0;
				PRODUCT_BUNDLE_IDENTIFIER = dev.jesal.FlipTests;
				PRODUCT_NAME = "$(TARGET_NAME)";
				SWIFT_EMIT_LOC_STRINGS = NO;
				SWIFT_VERSION = 5.0;
				TARGETED_DEVICE_FAMILY = "1,2";
				TEST_HOST = "$(BUILT_PRODUCTS_DIR)/Flip.app/Flip";
			};
			name = Release;
		};
		71E002C6288095B9006E23DF /* Debug */ = {
			isa = XCBuildConfiguration;
			buildSettings = {
				ALWAYS_SEARCH_USER_PATHS = NO;
				CLANG_ANALYZER_NONNULL = YES;
				CLANG_ANALYZER_NUMBER_OBJECT_CONVERSION = YES_AGGRESSIVE;
				CLANG_CXX_LANGUAGE_STANDARD = "gnu++17";
				CLANG_ENABLE_MODULES = YES;
				CLANG_ENABLE_OBJC_ARC = YES;
				CLANG_ENABLE_OBJC_WEAK = YES;
				CLANG_WARN_BLOCK_CAPTURE_AUTORELEASING = YES;
				CLANG_WARN_BOOL_CONVERSION = YES;
				CLANG_WARN_COMMA = YES;
				CLANG_WARN_CONSTANT_CONVERSION = YES;
				CLANG_WARN_DEPRECATED_OBJC_IMPLEMENTATIONS = YES;
				CLANG_WARN_DIRECT_OBJC_ISA_USAGE = YES_ERROR;
				CLANG_WARN_DOCUMENTATION_COMMENTS = YES;
				CLANG_WARN_EMPTY_BODY = YES;
				CLANG_WARN_ENUM_CONVERSION = YES;
				CLANG_WARN_INFINITE_RECURSION = YES;
				CLANG_WARN_INT_CONVERSION = YES;
				CLANG_WARN_NON_LITERAL_NULL_CONVERSION = YES;
				CLANG_WARN_OBJC_IMPLICIT_RETAIN_SELF = YES;
				CLANG_WARN_OBJC_LITERAL_CONVERSION = YES;
				CLANG_WARN_OBJC_ROOT_CLASS = YES_ERROR;
				CLANG_WARN_QUOTED_INCLUDE_IN_FRAMEWORK_HEADER = YES;
				CLANG_WARN_RANGE_LOOP_ANALYSIS = YES;
				CLANG_WARN_STRICT_PROTOTYPES = YES;
				CLANG_WARN_SUSPICIOUS_MOVE = YES;
				CLANG_WARN_UNGUARDED_AVAILABILITY = YES_AGGRESSIVE;
				CLANG_WARN_UNREACHABLE_CODE = YES;
				CLANG_WARN__DUPLICATE_METHOD_MATCH = YES;
				COPY_PHASE_STRIP = NO;
				DEBUG_INFORMATION_FORMAT = dwarf;
				ENABLE_STRICT_OBJC_MSGSEND = YES;
				ENABLE_TESTABILITY = YES;
				GCC_C_LANGUAGE_STANDARD = gnu11;
				GCC_DYNAMIC_NO_PIC = NO;
				GCC_NO_COMMON_BLOCKS = YES;
				GCC_OPTIMIZATION_LEVEL = 0;
				GCC_PREPROCESSOR_DEFINITIONS = (
					"DEBUG=1",
					"$(inherited)",
				);
				GCC_WARN_64_TO_32_BIT_CONVERSION = YES;
				GCC_WARN_ABOUT_RETURN_TYPE = YES_ERROR;
				GCC_WARN_UNDECLARED_SELECTOR = YES;
				GCC_WARN_UNINITIALIZED_AUTOS = YES_AGGRESSIVE;
				GCC_WARN_UNUSED_FUNCTION = YES;
				GCC_WARN_UNUSED_VARIABLE = YES;
				IPHONEOS_DEPLOYMENT_TARGET = 16.0;
				MTL_ENABLE_DEBUG_INFO = INCLUDE_SOURCE;
				MTL_FAST_MATH = YES;
				ONLY_ACTIVE_ARCH = YES;
				SDKROOT = iphoneos;
				SWIFT_ACTIVE_COMPILATION_CONDITIONS = DEBUG;
				SWIFT_OPTIMIZATION_LEVEL = "-Onone";
			};
			name = Debug;
		};
		71E002C7288095B9006E23DF /* Release */ = {
			isa = XCBuildConfiguration;
			buildSettings = {
				ALWAYS_SEARCH_USER_PATHS = NO;
				CLANG_ANALYZER_NONNULL = YES;
				CLANG_ANALYZER_NUMBER_OBJECT_CONVERSION = YES_AGGRESSIVE;
				CLANG_CXX_LANGUAGE_STANDARD = "gnu++17";
				CLANG_ENABLE_MODULES = YES;
				CLANG_ENABLE_OBJC_ARC = YES;
				CLANG_ENABLE_OBJC_WEAK = YES;
				CLANG_WARN_BLOCK_CAPTURE_AUTORELEASING = YES;
				CLANG_WARN_BOOL_CONVERSION = YES;
				CLANG_WARN_COMMA = YES;
				CLANG_WARN_CONSTANT_CONVERSION = YES;
				CLANG_WARN_DEPRECATED_OBJC_IMPLEMENTATIONS = YES;
				CLANG_WARN_DIRECT_OBJC_ISA_USAGE = YES_ERROR;
				CLANG_WARN_DOCUMENTATION_COMMENTS = YES;
				CLANG_WARN_EMPTY_BODY = YES;
				CLANG_WARN_ENUM_CONVERSION = YES;
				CLANG_WARN_INFINITE_RECURSION = YES;
				CLANG_WARN_INT_CONVERSION = YES;
				CLANG_WARN_NON_LITERAL_NULL_CONVERSION = YES;
				CLANG_WARN_OBJC_IMPLICIT_RETAIN_SELF = YES;
				CLANG_WARN_OBJC_LITERAL_CONVERSION = YES;
				CLANG_WARN_OBJC_ROOT_CLASS = YES_ERROR;
				CLANG_WARN_QUOTED_INCLUDE_IN_FRAMEWORK_HEADER = YES;
				CLANG_WARN_RANGE_LOOP_ANALYSIS = YES;
				CLANG_WARN_STRICT_PROTOTYPES = YES;
				CLANG_WARN_SUSPICIOUS_MOVE = YES;
				CLANG_WARN_UNGUARDED_AVAILABILITY = YES_AGGRESSIVE;
				CLANG_WARN_UNREACHABLE_CODE = YES;
				CLANG_WARN__DUPLICATE_METHOD_MATCH = YES;
				COPY_PHASE_STRIP = NO;
				DEBUG_INFORMATION_FORMAT = "dwarf-with-dsym";
				ENABLE_NS_ASSERTIONS = NO;
				ENABLE_STRICT_OBJC_MSGSEND = YES;
				GCC_C_LANGUAGE_STANDARD = gnu11;
				GCC_NO_COMMON_BLOCKS = YES;
				GCC_WARN_64_TO_32_BIT_CONVERSION = YES;
				GCC_WARN_ABOUT_RETURN_TYPE = YES_ERROR;
				GCC_WARN_UNDECLARED_SELECTOR = YES;
				GCC_WARN_UNINITIALIZED_AUTOS = YES_AGGRESSIVE;
				GCC_WARN_UNUSED_FUNCTION = YES;
				GCC_WARN_UNUSED_VARIABLE = YES;
				IPHONEOS_DEPLOYMENT_TARGET = 16.0;
				MTL_ENABLE_DEBUG_INFO = NO;
				MTL_FAST_MATH = YES;
				SDKROOT = iphoneos;
				SWIFT_COMPILATION_MODE = wholemodule;
				SWIFT_OPTIMIZATION_LEVEL = "-O";
				VALIDATE_PRODUCT = YES;
			};
			name = Release;
		};
		71E002C9288095B9006E23DF /* Debug */ = {
			isa = XCBuildConfiguration;
			buildSettings = {
				ALWAYS_EMBED_SWIFT_STANDARD_LIBRARIES = YES;
				ASSETCATALOG_COMPILER_ALTERNATE_APPICON_NAMES = "AppIconYellow AppIconTeal AppIconRed AppIconPurple AppIconPink AppIconBlack AppIconOrange AppIconMint AppIconIndigo AppIconGreen AppIconGray AppIconCyan AppIconCandy AppIconBrown";
				ASSETCATALOG_COMPILER_APPICON_NAME = AppIconBlue;
				ASSETCATALOG_COMPILER_GLOBAL_ACCENT_COLOR_NAME = AccentColor;
				ASSETCATALOG_COMPILER_INCLUDE_ALL_APPICON_ASSETS = YES;
				CODE_SIGN_ENTITLEMENTS = Flip/Configuration/Flip.entitlements;
				CODE_SIGN_STYLE = Automatic;
				CURRENT_PROJECT_VERSION = 1;
				DEVELOPMENT_ASSET_PATHS = "\"Flip/Preview Content\"";
				DEVELOPMENT_TEAM = 8W74HT4Y4R;
				ENABLE_PREVIEWS = YES;
				GENERATE_INFOPLIST_FILE = YES;
				INFOPLIST_FILE = Flip/Configuration/Info.plist;
				INFOPLIST_KEY_NSFaceIDUsageDescription = "Unlock Flip.";
				INFOPLIST_KEY_UIApplicationSceneManifest_Generation = YES;
				INFOPLIST_KEY_UIApplicationSupportsIndirectInputEvents = YES;
				INFOPLIST_KEY_UILaunchScreen_Generation = YES;
				INFOPLIST_KEY_UISupportedInterfaceOrientations = "UIInterfaceOrientationLandscapeLeft UIInterfaceOrientationLandscapeRight UIInterfaceOrientationPortrait";
				INFOPLIST_KEY_UISupportedInterfaceOrientations_iPad = UIInterfaceOrientationPortraitUpsideDown;
				IPHONEOS_DEPLOYMENT_TARGET = 16.0;
				LD_RUNPATH_SEARCH_PATHS = (
					"$(inherited)",
					"@executable_path/Frameworks",
				);
				MARKETING_VERSION = 1.0;
				PRODUCT_BUNDLE_IDENTIFIER = dev.jesal.Flip;
				PRODUCT_NAME = "$(TARGET_NAME)";
				SWIFT_EMIT_LOC_STRINGS = YES;
				SWIFT_VERSION = 5.0;
				TARGETED_DEVICE_FAMILY = "1,2";
			};
			name = Debug;
		};
		71E002CA288095B9006E23DF /* Release */ = {
			isa = XCBuildConfiguration;
			buildSettings = {
				ALWAYS_EMBED_SWIFT_STANDARD_LIBRARIES = YES;
				ASSETCATALOG_COMPILER_ALTERNATE_APPICON_NAMES = "AppIconYellow AppIconTeal AppIconRed AppIconPurple AppIconPink AppIconBlack AppIconOrange AppIconMint AppIconIndigo AppIconGreen AppIconGray AppIconCyan AppIconCandy AppIconBrown";
				ASSETCATALOG_COMPILER_APPICON_NAME = AppIconBlue;
				ASSETCATALOG_COMPILER_GLOBAL_ACCENT_COLOR_NAME = AccentColor;
				ASSETCATALOG_COMPILER_INCLUDE_ALL_APPICON_ASSETS = YES;
				CODE_SIGN_ENTITLEMENTS = Flip/Configuration/Flip.entitlements;
				CODE_SIGN_STYLE = Automatic;
				CURRENT_PROJECT_VERSION = 1;
				DEVELOPMENT_ASSET_PATHS = "\"Flip/Preview Content\"";
				DEVELOPMENT_TEAM = 8W74HT4Y4R;
				ENABLE_PREVIEWS = YES;
				GENERATE_INFOPLIST_FILE = YES;
				INFOPLIST_FILE = Flip/Configuration/Info.plist;
				INFOPLIST_KEY_NSFaceIDUsageDescription = "Unlock Flip.";
				INFOPLIST_KEY_UIApplicationSceneManifest_Generation = YES;
				INFOPLIST_KEY_UIApplicationSupportsIndirectInputEvents = YES;
				INFOPLIST_KEY_UILaunchScreen_Generation = YES;
				INFOPLIST_KEY_UISupportedInterfaceOrientations = "UIInterfaceOrientationLandscapeLeft UIInterfaceOrientationLandscapeRight UIInterfaceOrientationPortrait";
				INFOPLIST_KEY_UISupportedInterfaceOrientations_iPad = UIInterfaceOrientationPortraitUpsideDown;
				IPHONEOS_DEPLOYMENT_TARGET = 16.0;
				LD_RUNPATH_SEARCH_PATHS = (
					"$(inherited)",
					"@executable_path/Frameworks",
				);
				MARKETING_VERSION = 1.0;
				PRODUCT_BUNDLE_IDENTIFIER = dev.jesal.Flip;
				PRODUCT_NAME = "$(TARGET_NAME)";
				SWIFT_EMIT_LOC_STRINGS = YES;
				SWIFT_VERSION = 5.0;
				TARGETED_DEVICE_FAMILY = "1,2";
			};
			name = Release;
		};
/* End XCBuildConfiguration section */

/* Begin XCConfigurationList section */
		71466B31288F7B9F00270FF5 /* Build configuration list for PBXNativeTarget "FlipWidgetExtension" */ = {
			isa = XCConfigurationList;
			buildConfigurations = (
				71466B2F288F7B9F00270FF5 /* Debug */,
				71466B30288F7B9F00270FF5 /* Release */,
			);
			defaultConfigurationIsVisible = 0;
			defaultConfigurationName = Release;
		};
		71B2BC332884B52A00D4078C /* Build configuration list for PBXNativeTarget "FlipTests" */ = {
			isa = XCConfigurationList;
			buildConfigurations = (
				71B2BC312884B52A00D4078C /* Debug */,
				71B2BC322884B52A00D4078C /* Release */,
			);
			defaultConfigurationIsVisible = 0;
			defaultConfigurationName = Release;
		};
		71E002B5288095B8006E23DF /* Build configuration list for PBXProject "Flip" */ = {
			isa = XCConfigurationList;
			buildConfigurations = (
				71E002C6288095B9006E23DF /* Debug */,
				71E002C7288095B9006E23DF /* Release */,
			);
			defaultConfigurationIsVisible = 0;
			defaultConfigurationName = Release;
		};
		71E002C8288095B9006E23DF /* Build configuration list for PBXNativeTarget "Flip" */ = {
			isa = XCConfigurationList;
			buildConfigurations = (
				71E002C9288095B9006E23DF /* Debug */,
				71E002CA288095B9006E23DF /* Release */,
			);
			defaultConfigurationIsVisible = 0;
			defaultConfigurationName = Release;
		};
/* End XCConfigurationList section */

/* Begin XCRemoteSwiftPackageReference section */
		7107897A288CAA290000656A /* XCRemoteSwiftPackageReference "SwiftCSV" */ = {
			isa = XCRemoteSwiftPackageReference;
			repositoryURL = "https://github.com/swiftcsv/SwiftCSV";
			requirement = {
				kind = upToNextMajorVersion;
				minimumVersion = 0.8.0;
			};
		};
		713A01602890E4E700C80531 /* XCRemoteSwiftPackageReference "NukeUI" */ = {
			isa = XCRemoteSwiftPackageReference;
			repositoryURL = "https://github.com/kean/NukeUI";
			requirement = {
				branch = main;
				kind = branch;
			};
		};
		7160DBBC288DBEE900560B85 /* XCRemoteSwiftPackageReference "Nuke" */ = {
			isa = XCRemoteSwiftPackageReference;
			repositoryURL = "https://github.com/kean/Nuke";
			requirement = {
				kind = upToNextMajorVersion;
				minimumVersion = 10.0.0;
			};
		};
/* End XCRemoteSwiftPackageReference section */

/* Begin XCSwiftPackageProductDependency section */
		7107897B288CAA290000656A /* SwiftCSV */ = {
			isa = XCSwiftPackageProductDependency;
			package = 7107897A288CAA290000656A /* XCRemoteSwiftPackageReference "SwiftCSV" */;
			productName = SwiftCSV;
		};
		713A01612890E4E700C80531 /* NukeUI */ = {
			isa = XCSwiftPackageProductDependency;
			package = 713A01602890E4E700C80531 /* XCRemoteSwiftPackageReference "NukeUI" */;
			productName = NukeUI;
		};
		7160DBBD288DBEE900560B85 /* Nuke */ = {
			isa = XCSwiftPackageProductDependency;
			package = 7160DBBC288DBEE900560B85 /* XCRemoteSwiftPackageReference "Nuke" */;
			productName = Nuke;
		};
		7160DBC1288DBEE900560B85 /* NukeUI */ = {
			isa = XCSwiftPackageProductDependency;
			package = 7160DBBC288DBEE900560B85 /* XCRemoteSwiftPackageReference "Nuke" */;
			productName = NukeUI;
		};
/* End XCSwiftPackageProductDependency section */

/* Begin XCVersionGroup section */
		71E002CB288095D4006E23DF /* Flip.xcdatamodeld */ = {
			isa = XCVersionGroup;
			children = (
				71E002CC288095D4006E23DF /* Flip.xcdatamodel */,
			);
			currentVersion = 71E002CC288095D4006E23DF /* Flip.xcdatamodel */;
			path = Flip.xcdatamodeld;
			sourceTree = "<group>";
			versionGroupType = wrapper.xcdatamodel;
		};
/* End XCVersionGroup section */
	};
	rootObject = 71E002B2288095B8006E23DF /* Project object */;
}
